
Microsoft Visual Studio Solution File, Format Version 12.00
# Visual Studio Version 17
VisualStudioVersion = 17.2.32317.152
MinimumVisualStudioVersion = 10.0.40219.1
Project("{9A19103F-16F7-4668-BE54-9A1E7A4F7556}") = "InternalMock", "InternalMock\InternalMock.csproj", "{AF50EB4E-A5FF-4A54-B4C0-8C707D173B5B}"
EndProject
Project("{9A19103F-16F7-4668-BE54-9A1E7A4F7556}") = "InternalMock.Tests.Unit", "InternalMock.Tests.Unit\InternalMock.Tests.Unit.csproj", "{1D83FFB6-C57B-4D8D-903E-A19D4796146D}"
EndProject
Project("{9A19103F-16F7-4668-BE54-9A1E7A4F7556}") = "InternalMock.Infrastructure.Build", "InternalMock.Infrastructure.Build\InternalMock.Infrastructure.Build.csproj", "{C45BCB17-C4C2-4345-AD7E-A578C09C2AEF}"
EndProject
Project("{2150E333-8FDC-42A3-9474-1A3956D46DE8}") = "Solution Items", "Solution Items", "{DC4A5EDE-93A8-4FA4-A2DB-EF1877D5D17A}"
	ProjectSection(SolutionItems) = preProject
		.editorconfig = .editorconfig
	EndProjectSection
EndProject
Global
	GlobalSection(SolutionConfigurationPlatforms) = preSolution
		Debug|Any CPU = Debug|Any CPU
		Release|Any CPU = Release|Any CPU
	EndGlobalSection
	GlobalSection(ProjectConfigurationPlatforms) = postSolution
		{AF50EB4E-A5FF-4A54-B4C0-8C707D173B5B}.Debug|Any CPU.ActiveCfg = Debug|Any CPU
		{AF50EB4E-A5FF-4A54-B4C0-8C707D173B5B}.Debug|Any CPU.Build.0 = Debug|Any CPU
		{AF50EB4E-A5FF-4A54-B4C0-8C707D173B5B}.Release|Any CPU.ActiveCfg = Release|Any CPU
		{AF50EB4E-A5FF-4A54-B4C0-8C707D173B5B}.Release|Any CPU.Build.0 = Release|Any CPU
		{1D83FFB6-C57B-4D8D-903E-A19D4796146D}.Debug|Any CPU.ActiveCfg = Debug|Any CPU
		{1D83FFB6-C57B-4D8D-903E-A19D4796146D}.Debug|Any CPU.Build.0 = Debug|Any CPU
		{1D83FFB6-C57B-4D8D-903E-A19D4796146D}.Release|Any CPU.ActiveCfg = Release|Any CPU
		{1D83FFB6-C57B-4D8D-903E-A19D4796146D}.Release|Any CPU.Build.0 = Release|Any CPU
		{C45BCB17-C4C2-4345-AD7E-A578C09C2AEF}.Debug|Any CPU.ActiveCfg = Debug|Any CPU
		{C45BCB17-C4C2-4345-AD7E-A578C09C2AEF}.Debug|Any CPU.Build.0 = Debug|Any CPU
		{C45BCB17-C4C2-4345-AD7E-A578C09C2AEF}.Release|Any CPU.ActiveCfg = Release|Any CPU
		{C45BCB17-C4C2-4345-AD7E-A578C09C2AEF}.Release|Any CPU.Build.0 = Release|Any CPU
	EndGlobalSection
	GlobalSection(SolutionProperties) = preSolution
		HideSolutionNode = FALSE
	EndGlobalSection
	GlobalSection(ExtensibilityGlobals) = postSolution
		SolutionGuid = {426721A7-F496-431E-8DF5-67F4CAFB099F}
	EndGlobalSection
EndGlobal
